
Microsoft Visual Studio Solution File, Format Version 12.00
# Visual Studio Version 16
VisualStudioVersion = 16.0.31129.286
MinimumVisualStudioVersion = 10.0.40219.1
Project("{9A19103F-16F7-4668-BE54-9A1E7A4F7556}") = "ChannelEngine.Core.Abstraction", "ChannelEngine.Core.Abstraction\ChannelEngine.Core.Abstraction.csproj", "{8AF1E124-7DE0-4447-A081-BF1A7A43ED85}"
EndProject
Project("{9A19103F-16F7-4668-BE54-9A1E7A4F7556}") = "ChannelEngine.Core", "ChannelEngine.Core\ChannelEngine.Core.csproj", "{081EBA14-2549-4C96-83C6-C975F697EB0C}"
EndProject
Project("{9A19103F-16F7-4668-BE54-9A1E7A4F7556}") = "ChannelEngine.Core.Infrastructure", "ChannelEngine.Core.Infrastructure\ChannelEngine.Core.Infrastructure.csproj", "{183AADD9-F568-4885-B498-B8DC1F1F6FDB}"
EndProject
Project("{2150E333-8FDC-42A3-9474-1A3956D46DE8}") = "src", "src", "{5CC33289-A4E0-4920-89C7-AEFBB94EFAD0}"
EndProject
Project("{FAE04EC0-301F-11D3-BF4B-00C04F79EFBC}") = "ChannelEngine.Application", "ChannelEngine.Application\ChannelEngine.Application.csproj", "{39C0648E-C057-4666-AB8C-03CD847FFEA4}"
EndProject
Project("{FAE04EC0-301F-11D3-BF4B-00C04F79EFBC}") = "ChannelEngine.Integration", "ChannelEngine.Integration\ChannelEngine.Integration.csproj", "{EC0BACD7-0D6A-4844-9976-575608E2C4EC}"
EndProject
Global
	GlobalSection(SolutionConfigurationPlatforms) = preSolution
		Debug|Any CPU = Debug|Any CPU
		Release|Any CPU = Release|Any CPU
	EndGlobalSection
	GlobalSection(ProjectConfigurationPlatforms) = postSolution
		{8AF1E124-7DE0-4447-A081-BF1A7A43ED85}.Debug|Any CPU.ActiveCfg = Debug|Any CPU
		{8AF1E124-7DE0-4447-A081-BF1A7A43ED85}.Debug|Any CPU.Build.0 = Debug|Any CPU
		{8AF1E124-7DE0-4447-A081-BF1A7A43ED85}.Release|Any CPU.ActiveCfg = Release|Any CPU
		{8AF1E124-7DE0-4447-A081-BF1A7A43ED85}.Release|Any CPU.Build.0 = Release|Any CPU
		{081EBA14-2549-4C96-83C6-C975F697EB0C}.Debug|Any CPU.ActiveCfg = Debug|Any CPU
		{081EBA14-2549-4C96-83C6-C975F697EB0C}.Debug|Any CPU.Build.0 = Debug|Any CPU
		{081EBA14-2549-4C96-83C6-C975F697EB0C}.Release|Any CPU.ActiveCfg = Release|Any CPU
		{081EBA14-2549-4C96-83C6-C975F697EB0C}.Release|Any CPU.Build.0 = Release|Any CPU
		{183AADD9-F568-4885-B498-B8DC1F1F6FDB}.Debug|Any CPU.ActiveCfg = Debug|Any CPU
		{183AADD9-F568-4885-B498-B8DC1F1F6FDB}.Debug|Any CPU.Build.0 = Debug|Any CPU
		{183AADD9-F568-4885-B498-B8DC1F1F6FDB}.Release|Any CPU.ActiveCfg = Release|Any CPU
		{183AADD9-F568-4885-B498-B8DC1F1F6FDB}.Release|Any CPU.Build.0 = Release|Any CPU
		{39C0648E-C057-4666-AB8C-03CD847FFEA4}.Debug|Any CPU.ActiveCfg = Debug|Any CPU
		{39C0648E-C057-4666-AB8C-03CD847FFEA4}.Debug|Any CPU.Build.0 = Debug|Any CPU
		{39C0648E-C057-4666-AB8C-03CD847FFEA4}.Release|Any CPU.ActiveCfg = Release|Any CPU
		{39C0648E-C057-4666-AB8C-03CD847FFEA4}.Release|Any CPU.Build.0 = Release|Any CPU
		{EC0BACD7-0D6A-4844-9976-575608E2C4EC}.Debug|Any CPU.ActiveCfg = Debug|Any CPU
		{EC0BACD7-0D6A-4844-9976-575608E2C4EC}.Debug|Any CPU.Build.0 = Debug|Any CPU
		{EC0BACD7-0D6A-4844-9976-575608E2C4EC}.Release|Any CPU.ActiveCfg = Release|Any CPU
		{EC0BACD7-0D6A-4844-9976-575608E2C4EC}.Release|Any CPU.Build.0 = Release|Any CPU
	EndGlobalSection
	GlobalSection(SolutionProperties) = preSolution
		HideSolutionNode = FALSE
	EndGlobalSection
	GlobalSection(NestedProjects) = preSolution
		{39C0648E-C057-4666-AB8C-03CD847FFEA4} = {5CC33289-A4E0-4920-89C7-AEFBB94EFAD0}
		{EC0BACD7-0D6A-4844-9976-575608E2C4EC} = {5CC33289-A4E0-4920-89C7-AEFBB94EFAD0}
	EndGlobalSection
	GlobalSection(ExtensibilityGlobals) = postSolution
		SolutionGuid = {6752DED1-34BB-47FE-B855-208909DAC391}
	EndGlobalSection
EndGlobal
